// !$*UTF8*$!
{
	archiveVersion = 1;
	classes = {
	};
	objectVersion = 50;
	objects = {

/* Begin PBXBuildFile section */
		F707385A259A8FB200C2B76A /* level1.txt in Resources */ = {isa = PBXBuildFile; fileRef = F7073858259A8FB100C2B76A /* level1.txt */; };
		F707385B259A8FB200C2B76A /* level2.txt in Resources */ = {isa = PBXBuildFile; fileRef = F7073859259A8FB100C2B76A /* level2.txt */; };
		F752BEF0258EC109006315DD /* AppDelegate.swift in Sources */ = {isa = PBXBuildFile; fileRef = F752BEEF258EC109006315DD /* AppDelegate.swift */; };
		F752BEF2258EC109006315DD /* SceneDelegate.swift in Sources */ = {isa = PBXBuildFile; fileRef = F752BEF1258EC109006315DD /* SceneDelegate.swift */; };
		F752BEF4258EC109006315DD /* ViewController.swift in Sources */ = {isa = PBXBuildFile; fileRef = F752BEF3258EC109006315DD /* ViewController.swift */; };
		F752BEF7258EC109006315DD /* Main.storyboard in Resources */ = {isa = PBXBuildFile; fileRef = F752BEF5258EC109006315DD /* Main.storyboard */; };
		F752BEF9258EC10C006315DD /* Assets.xcassets in Resources */ = {isa = PBXBuildFile; fileRef = F752BEF8258EC10C006315DD /* Assets.xcassets */; };
		F752BEFC258EC10C006315DD /* LaunchScreen.storyboard in Resources */ = {isa = PBXBuildFile; fileRef = F752BEFA258EC10C006315DD /* LaunchScreen.storyboard */; };
/* End PBXBuildFile section */

/* Begin PBXFileReference section */
		F7073858259A8FB100C2B76A /* level1.txt */ = {isa = PBXFileReference; fileEncoding = 4; lastKnownFileType = text; path = level1.txt; sourceTree = "<group>"; };
		F7073859259A8FB100C2B76A /* level2.txt */ = {isa = PBXFileReference; fileEncoding = 4; lastKnownFileType = text; path = level2.txt; sourceTree = "<group>"; };
		F752BEEC258EC109006315DD /* Project-08.app */ = {isa = PBXFileReference; explicitFileType = wrapper.application; includeInIndex = 0; path = "Project-08.app"; sourceTree = BUILT_PRODUCTS_DIR; };
		F752BEEF258EC109006315DD /* AppDelegate.swift */ = {isa = PBXFileReference; lastKnownFileType = sourcecode.swift; path = AppDelegate.swift; sourceTree = "<group>"; };
		F752BEF1258EC109006315DD /* SceneDelegate.swift */ = {isa = PBXFileReference; lastKnownFileType = sourcecode.swift; path = SceneDelegate.swift; sourceTree = "<group>"; };
		F752BEF3258EC109006315DD /* ViewController.swift */ = {isa = PBXFileReference; lastKnownFileType = sourcecode.swift; path = ViewController.swift; sourceTree = "<group>"; };
		F752BEF6258EC109006315DD /* Base */ = {isa = PBXFileReference; lastKnownFileType = file.storyboard; name = Base; path = Base.lproj/Main.storyboard; sourceTree = "<group>"; };
		F752BEF8258EC10C006315DD /* Assets.xcassets */ = {isa = PBXFileReference; lastKnownFileType = folder.assetcatalog; path = Assets.xcassets; sourceTree = "<group>"; };
		F752BEFB258EC10C006315DD /* Base */ = {isa = PBXFileReference; lastKnownFileType = file.storyboard; name = Base; path = Base.lproj/LaunchScreen.storyboard; sourceTree = "<group>"; };
		F752BEFD258EC10C006315DD /* Info.plist */ = {isa = PBXFileReference; lastKnownFileType = text.plist.xml; path = Info.plist; sourceTree = "<group>"; };
/* End PBXFileReference section */

/* Begin PBXFrameworksBuildPhase section */
		F752BEE9258EC109006315DD /* Frameworks */ = {
			isa = PBXFrameworksBuildPhase;
			buildActionMask = 2147483647;
			files = (
			);
			runOnlyForDeploymentPostprocessing = 0;
		};
/* End PBXFrameworksBuildPhase section */

/* Begin PBXGroup section */
		F752BEE3258EC109006315DD = {
			isa = PBXGroup;
			children = (
				F752BEEE258EC109006315DD /* Project-08 */,
				F752BEED258EC109006315DD /* Products */,
			);
			sourceTree = "<group>";
		};
		F752BEED258EC109006315DD /* Products */ = {
			isa = PBXGroup;
			children = (
				F752BEEC258EC109006315DD /* Project-08.app */,
			);
			name = Products;
			sourceTree = "<group>";
		};
		F752BEEE258EC109006315DD /* Project-08 */ = {
			isa = PBXGroup;
			children = (
				F752BEEF258EC109006315DD /* AppDelegate.swift */,
				F752BEF1258EC109006315DD /* SceneDelegate.swift */,
				F752BEF3258EC109006315DD /* ViewController.swift */,
				F752BEF5258EC109006315DD /* Main.storyboard */,
				F752BEF8258EC10C006315DD /* Assets.xcassets */,
				F752BEFA258EC10C006315DD /* LaunchScreen.storyboard */,
				F752BEFD258EC10C006315DD /* Info.plist */,
				F7073858259A8FB100C2B76A /* level1.txt */,
				F7073859259A8FB100C2B76A /* level2.txt */,
			);
			path = "Project-08";
			sourceTree = "<group>";
		};
/* End PBXGroup section */

/* Begin PBXNativeTarget section */
		F752BEEB258EC109006315DD /* Project-08 */ = {
			isa = PBXNativeTarget;
			buildConfigurationList = F752BF00258EC10C006315DD /* Build configuration list for PBXNativeTarget "Project-08" */;
			buildPhases = (
				F752BEE8258EC109006315DD /* Sources */,
				F752BEE9258EC109006315DD /* Frameworks */,
				F752BEEA258EC109006315DD /* Resources */,
			);
			buildRules = (
			);
			dependencies = (
			);
			name = "Project-08";
			productName = "Project-08";
			productReference = F752BEEC258EC109006315DD /* Project-08.app */;
			productType = "com.apple.product-type.application";
		};
/* End PBXNativeTarget section */

/* Begin PBXProject section */
		F752BEE4258EC109006315DD /* Project object */ = {
			isa = PBXProject;
			attributes = {
				LastSwiftUpdateCheck = 1230;
				LastUpgradeCheck = 1230;
				TargetAttributes = {
					F752BEEB258EC109006315DD = {
						CreatedOnToolsVersion = 12.3;
					};
				};
			};
			buildConfigurationList = F752BEE7258EC109006315DD /* Build configuration list for PBXProject "Project-08" */;
			compatibilityVersion = "Xcode 9.3";
			developmentRegion = en;
			hasScannedForEncodings = 0;
			knownRegions = (
				en,
				Base,
			);
			mainGroup = F752BEE3258EC109006315DD;
			productRefGroup = F752BEED258EC109006315DD /* Products */;
			projectDirPath = "";
			projectRoot = "";
			targets = (
				F752BEEB258EC109006315DD /* Project-08 */,
			);
		};
/* End PBXProject section */

/* Begin PBXResourcesBuildPhase section */
		F752BEEA258EC109006315DD /* Resources */ = {
			isa = PBXResourcesBuildPhase;
			buildActionMask = 2147483647;
			files = (
				F707385B259A8FB200C2B76A /* level2.txt in Resources */,
				F752BEFC258EC10C006315DD /* LaunchScreen.storyboard in Resources */,
				F707385A259A8FB200C2B76A /* level1.txt in Resources */,
				F752BEF9258EC10C006315DD /* Assets.xcassets in Resources */,
				F752BEF7258EC109006315DD /* Main.storyboard in Resources */,
			);
			runOnlyForDeploymentPostprocessing = 0;
		};
/* End PBXResourcesBuildPhase section */

/* Begin PBXSourcesBuildPhase section */
		F752BEE8258EC109006315DD /* Sources */ = {
			isa = PBXSourcesBuildPhase;
			buildActionMask = 2147483647;
			files = (
				F752BEF4258EC109006315DD /* ViewController.swift in Sources */,
				F752BEF0258EC109006315DD /* AppDelegate.swift in Sources */,
				F752BEF2258EC109006315DD /* SceneDelegate.swift in Sources */,
			);
			runOnlyForDeploymentPostprocessing = 0;
		};
/* End PBXSourcesBuildPhase section */

/* Begin PBXVariantGroup section */
		F752BEF5258EC109006315DD /* Main.storyboard */ = {
			isa = PBXVariantGroup;
			children = (
				F752BEF6258EC109006315DD /* Base */,
			);
			name = Main.storyboard;
			sourceTree = "<group>";
		};
		F752BEFA258EC10C006315DD /* LaunchScreen.storyboard */ = {
			isa = PBXVariantGroup;
			children = (
				F752BEFB258EC10C006315DD /* Base */,
			);
			name = LaunchScreen.storyboard;
			sourceTree = "<group>";
		};
/* End PBXVariantGroup section */

/* Begin XCBuildConfiguration section */
		F752BEFE258EC10C006315DD /* Debug */ = {
			isa = XCBuildConfiguration;
			buildSettings = {
				ALWAYS_SEARCH_USER_PATHS = NO;
				CLANG_ANALYZER_NONNULL = YES;
				CLANG_ANALYZER_NUMBER_OBJECT_CONVERSION = YES_AGGRESSIVE;
				CLANG_CXX_LANGUAGE_STANDARD = "gnu++14";
				CLANG_CXX_LIBRARY = "libc++";
				CLANG_ENABLE_MODULES = YES;
				CLANG_ENABLE_OBJC_ARC = YES;
				CLANG_ENABLE_OBJC_WEAK = YES;
				CLANG_WARN_BLOCK_CAPTURE_AUTORELEASING = YES;
				CLANG_WARN_BOOL_CONVERSION = YES;
				CLANG_WARN_COMMA = YES;
				CLANG_WARN_CONSTANT_CONVERSION = YES;
				CLANG_WARN_DEPRECATED_OBJC_IMPLEMENTATIONS = YES;
				CLANG_WARN_DIRECT_OBJC_ISA_USAGE = YES_ERROR;
				CLANG_WARN_DOCUMENTATION_COMMENTS = YES;
				CLANG_WARN_EMPTY_BODY = YES;
				CLANG_WARN_ENUM_CONVERSION = YES;
				CLANG_WARN_INFINITE_RECURSION = YES;
				CLANG_WARN_INT_CONVERSION = YES;
				CLANG_WARN_NON_LITERAL_NULL_CONVERSION = YES;
				CLANG_WARN_OBJC_IMPLICIT_RETAIN_SELF = YES;
				CLANG_WARN_OBJC_LITERAL_CONVERSION = YES;
				CLANG_WARN_OBJC_ROOT_CLASS = YES_ERROR;
				CLANG_WARN_QUOTED_INCLUDE_IN_FRAMEWORK_HEADER = YES;
				CLANG_WARN_RANGE_LOOP_ANALYSIS = YES;
				CLANG_WARN_STRICT_PROTOTYPES = YES;
				CLANG_WARN_SUSPICIOUS_MOVE = YES;
				CLANG_WARN_UNGUARDED_AVAILABILITY = YES_AGGRESSIVE;
				CLANG_WARN_UNREACHABLE_CODE = YES;
				CLANG_WARN__DUPLICATE_METHOD_MATCH = YES;
				COPY_PHASE_STRIP = NO;
				DEBUG_INFORMATION_FORMAT = dwarf;
				ENABLE_STRICT_OBJC_MSGSEND = YES;
				ENABLE_TESTABILITY = YES;
				GCC_C_LANGUAGE_STANDARD = gnu11;
				GCC_DYNAMIC_NO_PIC = NO;
				GCC_NO_COMMON_BLOCKS = YES;
				GCC_OPTIMIZATION_LEVEL = 0;
				GCC_PREPROCESSOR_DEFINITIONS = (
					"DEBUG=1",
					"$(inherited)",
				);
				GCC_WARN_64_TO_32_BIT_CONVERSION = YES;
				GCC_WARN_ABOUT_RETURN_TYPE = YES_ERROR;
				GCC_WARN_UNDECLARED_SELECTOR = YES;
				GCC_WARN_UNINITIALIZED_AUTOS = YES_AGGRESSIVE;
				GCC_WARN_UNUSED_FUNCTION = YES;
				GCC_WARN_UNUSED_VARIABLE = YES;
				IPHONEOS_DEPLOYMENT_TARGET = 14.3;
				MTL_ENABLE_DEBUG_INFO = INCLUDE_SOURCE;
				MTL_FAST_MATH = YES;
				ONLY_ACTIVE_ARCH = YES;
				SDKROOT = iphoneos;
				SWIFT_ACTIVE_COMPILATION_CONDITIONS = DEBUG;
				SWIFT_OPTIMIZATION_LEVEL = "-Onone";
			};
			name = Debug;
		};
		F752BEFF258EC10C006315DD /* Release */ = {
			isa = XCBuildConfiguration;
			buildSettings = {
				ALWAYS_SEARCH_USER_PATHS = NO;
				CLANG_ANALYZER_NONNULL = YES;
				CLANG_ANALYZER_NUMBER_OBJECT_CONVERSION = YES_AGGRESSIVE;
				CLANG_CXX_LANGUAGE_STANDARD = "gnu++14";
				CLANG_CXX_LIBRARY = "libc++";
				CLANG_ENABLE_MODULES = YES;
				CLANG_ENABLE_OBJC_ARC = YES;
				CLANG_ENABLE_OBJC_WEAK = YES;
				CLANG_WARN_BLOCK_CAPTURE_AUTORELEASING = YES;
				CLANG_WARN_BOOL_CONVERSION = YES;
				CLANG_WARN_COMMA = YES;
				CLANG_WARN_CONSTANT_CONVERSION = YES;
				CLANG_WARN_DEPRECATED_OBJC_IMPLEMENTATIONS = YES;
				CLANG_WARN_DIRECT_OBJC_ISA_USAGE = YES_ERROR;
				CLANG_WARN_DOCUMENTATION_COMMENTS = YES;
				CLANG_WARN_EMPTY_BODY = YES;
				CLANG_WARN_ENUM_CONVERSION = YES;
				CLANG_WARN_INFINITE_RECURSION = YES;
				CLANG_WARN_INT_CONVERSION = YES;
				CLANG_WARN_NON_LITERAL_NULL_CONVERSION = YES;
				CLANG_WARN_OBJC_IMPLICIT_RETAIN_SELF = YES;
				CLANG_WARN_OBJC_LITERAL_CONVERSION = YES;
				CLANG_WARN_OBJC_ROOT_CLASS = YES_ERROR;
				CLANG_WARN_QUOTED_INCLUDE_IN_FRAMEWORK_HEADER = YES;
				CLANG_WARN_RANGE_LOOP_ANALYSIS = YES;
				CLANG_WARN_STRICT_PROTOTYPES = YES;
				CLANG_WARN_SUSPICIOUS_MOVE = YES;
				CLANG_WARN_UNGUARDED_AVAILABILITY = YES_AGGRESSIVE;
				CLANG_WARN_UNREACHABLE_CODE = YES;
				CLANG_WARN__DUPLICATE_METHOD_MATCH = YES;
				COPY_PHASE_STRIP = NO;
				DEBUG_INFORMATION_FORMAT = "dwarf-with-dsym";
				ENABLE_NS_ASSERTIONS = NO;
				ENABLE_STRICT_OBJC_MSGSEND = YES;
				GCC_C_LANGUAGE_STANDARD = gnu11;
				GCC_NO_COMMON_BLOCKS = YES;
				GCC_WARN_64_TO_32_BIT_CONVERSION = YES;
				GCC_WARN_ABOUT_RETURN_TYPE = YES_ERROR;
				GCC_WARN_UNDECLARED_SELECTOR = YES;
				GCC_WARN_UNINITIALIZED_AUTOS = YES_AGGRESSIVE;
				GCC_WARN_UNUSED_FUNCTION = YES;
				GCC_WARN_UNUSED_VARIABLE = YES;
				IPHONEOS_DEPLOYMENT_TARGET = 14.3;
				MTL_ENABLE_DEBUG_INFO = NO;
				MTL_FAST_MATH = YES;
				SDKROOT = iphoneos;
				SWIFT_COMPILATION_MODE = wholemodule;
				SWIFT_OPTIMIZATION_LEVEL = "-O";
				VALIDATE_PRODUCT = YES;
			};
			name = Release;
		};
		F752BF01258EC10C006315DD /* Debug */ = {
			isa = XCBuildConfiguration;
			buildSettings = {
				ASSETCATALOG_COMPILER_APPICON_NAME = AppIcon;
				ASSETCATALOG_COMPILER_GLOBAL_ACCENT_COLOR_NAME = AccentColor;
				CODE_SIGN_STYLE = Automatic;
				INFOPLIST_FILE = "Project-08/Info.plist";
				LD_RUNPATH_SEARCH_PATHS = (
					"$(inherited)",
					"@executable_path/Frameworks",
				);
				PRODUCT_BUNDLE_IDENTIFIER = "com.example.Project-08";
				PRODUCT_NAME = "$(TARGET_NAME)";
				SWIFT_VERSION = 5.0;
				TARGETED_DEVICE_FAMILY = 2;
			};
			name = Debug;
		};
		F752BF02258EC10C006315DD /* Release */ = {
			isa = XCBuildConfiguration;
			buildSettings = {
				ASSETCATALOG_COMPILER_APPICON_NAME = AppIcon;
				ASSETCATALOG_COMPILER_GLOBAL_ACCENT_COLOR_NAME = AccentColor;
				CODE_SIGN_STYLE = Automatic;
				INFOPLIST_FILE = "Project-08/Info.plist";
				LD_RUNPATH_SEARCH_PATHS = (
					"$(inherited)",
					"@executable_path/Frameworks",
				);
				PRODUCT_BUNDLE_IDENTIFIER = "com.example.Project-08";
				PRODUCT_NAME = "$(TARGET_NAME)";
				SWIFT_VERSION = 5.0;
				TARGETED_DEVICE_FAMILY = 2;
			};
			name = Release;
		};
/* End XCBuildConfiguration section */

/* Begin XCConfigurationList section */
		F752BEE7258EC109006315DD /* Build configuration list for PBXProject "Project-08" */ = {
			isa = XCConfigurationList;
			buildConfigurations = (
				F752BEFE258EC10C006315DD /* Debug */,
				F752BEFF258EC10C006315DD /* Release */,
			);
			defaultConfigurationIsVisible = 0;
			defaultConfigurationName = Release;
		};
		F752BF00258EC10C006315DD /* Build configuration list for PBXNativeTarget "Project-08" */ = {
			isa = XCConfigurationList;
			buildConfigurations = (
				F752BF01258EC10C006315DD /* Debug */,
				F752BF02258EC10C006315DD /* Release */,
			);
			defaultConfigurationIsVisible = 0;
			defaultConfigurationName = Release;
		};
/* End XCConfigurationList section */
	};
	rootObject = F752BEE4258EC109006315DD /* Project object */;
}
